{
  "name": "farcaster-claim-nft-frame",
  "version": "1.0.0",
  "lockfileVersion": 3,
  "requires": true,
  "packages": {
    "": {
      "name": "farcaster-claim-nft-frame",
      "version": "1.0.0",
      "license": "ISC",
      "dependencies": {
        "frog": "^0.1.0"
      }
    },
    "node_modules/frog": {
      "version": "0.1.0",
      "resolved": "https://registry.npmjs.org/frog/-/frog-0.1.0.tgz",
      "integrity": "sha512-Lm/c7cODAXt1UFM+wg4UGAXrSubjunGsM4OA+RB0eiiQhozWGeA8xWhtpOya4vLixsdg9Q8ZMze+Zev4YRR0Ng=="
    }
  }
}
